
Microsoft Visual Studio Solution File, Format Version 12.00
# Visual Studio 2012
Project("{FAE04EC0-301F-11D3-BF4B-00C04F79EFBC}") = "Float.TinCan.LocalLRSServer.Tests", "Float.TinCan.LocalLRSServer.Tests\Float.TinCan.LocalLRSServer.Tests.csproj", "{A5CF9ECE-67AC-4103-B954-7B06201A05DA}"
EndProject
Project("{FAE04EC0-301F-11D3-BF4B-00C04F79EFBC}") = "Float.TinCan.LocalLRSServer", "Float.TinCan.LocalLRSServer\Float.TinCan.LocalLRSServer.csproj", "{4CBB2B07-9369-4AA1-8595-61A768099AD3}"
EndProject
Global
	GlobalSection(SolutionConfigurationPlatforms) = preSolution
		Debug|Any CPU = Debug|Any CPU
		Release|Any CPU = Release|Any CPU
	EndGlobalSection
	GlobalSection(ProjectConfigurationPlatforms) = postSolution
		{A5CF9ECE-67AC-4103-B954-7B06201A05DA}.Debug|Any CPU.ActiveCfg = Debug|Any CPU
		{A5CF9ECE-67AC-4103-B954-7B06201A05DA}.Debug|Any CPU.Build.0 = Debug|Any CPU
		{A5CF9ECE-67AC-4103-B954-7B06201A05DA}.Release|Any CPU.ActiveCfg = Release|Any CPU
		{A5CF9ECE-67AC-4103-B954-7B06201A05DA}.Release|Any CPU.Build.0 = Release|Any CPU
		{4CBB2B07-9369-4AA1-8595-61A768099AD3}.Debug|Any CPU.ActiveCfg = Debug|Any CPU
		{4CBB2B07-9369-4AA1-8595-61A768099AD3}.Debug|Any CPU.Build.0 = Debug|Any CPU
		{4CBB2B07-9369-4AA1-8595-61A768099AD3}.Release|Any CPU.ActiveCfg = Release|Any CPU
		{4CBB2B07-9369-4AA1-8595-61A768099AD3}.Release|Any CPU.Build.0 = Release|Any CPU
	EndGlobalSection
	GlobalSection(MonoDevelopProperties) = preSolution
		Policies = $0
		$0.StandardHeader = $1
		$1.IncludeInNewFiles = False
		$0.TextStylePolicy = $2
		$2.inheritsSet = null
		$2.scope = text/x-csharp
		$0.CSharpFormattingPolicy = $3
		$3.scope = text/x-csharp
		$0.TextStylePolicy = $4
		$4.FileWidth = 80
		$4.TabsToSpaces = True
		$4.scope = text/plain
	EndGlobalSection
EndGlobal
