
Microsoft Visual Studio Solution File, Format Version 12.00
# Visual Studio Version 16
VisualStudioVersion = 25.0.1706.0
MinimumVisualStudioVersion = 10.0.40219.1
Project("{FAE04EC0-301F-11D3-BF4B-00C04F79EFBC}") = "Float.TinCan.LocalLRSServer", "Float.TinCan.LocalLRSServer.csproj", "{4C10246C-2198-43CA-9B10-DD5BE426BB3E}"
EndProject
Global
	GlobalSection(SolutionConfigurationPlatforms) = preSolution
		Debug|Any CPU = Debug|Any CPU
		Release|Any CPU = Release|Any CPU
	EndGlobalSection
	GlobalSection(ProjectConfigurationPlatforms) = postSolution
		{4C10246C-2198-43CA-9B10-DD5BE426BB3E}.Debug|Any CPU.ActiveCfg = Debug|Any CPU
		{4C10246C-2198-43CA-9B10-DD5BE426BB3E}.Debug|Any CPU.Build.0 = Debug|Any CPU
		{4C10246C-2198-43CA-9B10-DD5BE426BB3E}.Release|Any CPU.ActiveCfg = Release|Any CPU
		{4C10246C-2198-43CA-9B10-DD5BE426BB3E}.Release|Any CPU.Build.0 = Release|Any CPU
	EndGlobalSection
	GlobalSection(SolutionProperties) = preSolution
		HideSolutionNode = FALSE
	EndGlobalSection
	GlobalSection(ExtensibilityGlobals) = postSolution
		SolutionGuid = {FE4D9BB4-2BDA-4BDE-9843-D93F19C69618}
	EndGlobalSection
EndGlobal
